
Microsoft Visual Studio Solution File, Format Version 12.00
# Visual Studio 14
VisualStudioVersion = 14.0.25420.1
MinimumVisualStudioVersion = 10.0.40219.1
Project("{FAE04EC0-301F-11D3-BF4B-00C04F79EFBC}") = "Mmd.Wechat", "mmd.wechat\Mmd.Wechat.csproj", "{36DA8162-AA8D-4DA3-97AF-256C5965D032}"
EndProject
Project("{FAE04EC0-301F-11D3-BF4B-00C04F79EFBC}") = "Mmd.Lib", "mmd.lib\Mmd.Lib.csproj", "{3F9AF220-C1B0-4575-9D2D-E8947564CA15}"
EndProject
Project("{FAE04EC0-301F-11D3-BF4B-00C04F79EFBC}") = "Mmd.Configuration", "mmd.configuration\Mmd.Configuration.csproj", "{61C4D99A-E212-45C3-B3DD-B3E7CC740921}"
EndProject
Project("{FAE04EC0-301F-11D3-BF4B-00C04F79EFBC}") = "Mmd.Model", "mmd.model\Mmd.Model.csproj", "{5F2379BF-C239-43A5-B947-AF9E70891141}"
EndProject
Project("{FAE04EC0-301F-11D3-BF4B-00C04F79EFBC}") = "Qiniu", "mmd.Qiniu\Qiniu.csproj", "{AD4EA9D1-11C2-4BF6-8A06-72A966BC1B80}"
EndProject
Project("{2150E333-8FDC-42A3-9474-1A3956D46DE8}") = "Services", "Services", "{B1DF95C1-3D88-43E8-8583-E5DE0417FE60}"
EndProject
Project("{FAE04EC0-301F-11D3-BF4B-00C04F79EFBC}") = "BK.LogService", "mmd.Services\mmd.LogService\BK.LogService.csproj", "{68E0D070-E6F1-47CD-B049-5B6C4C48164D}"
EndProject
Project("{2150E333-8FDC-42A3-9474-1A3956D46DE8}") = "Senparc", "Senparc", "{8633FF40-6F9A-4A71-BA56-0DBD725D6AF2}"
EndProject
Project("{FAE04EC0-301F-11D3-BF4B-00C04F79EFBC}") = "Senparc.Weixin", "Senparc\Senparc.Weixin\Senparc.Weixin.csproj", "{814092CD-9CD0-4FB7-91E8-D147F476F1FB}"
EndProject
Project("{FAE04EC0-301F-11D3-BF4B-00C04F79EFBC}") = "Senparc.Weixin.MP", "Senparc\Senparc.Weixin.MP\Senparc.Weixin.MP.csproj", "{1D815FBF-451C-4E23-939C-CB80172F445C}"
EndProject
Project("{FAE04EC0-301F-11D3-BF4B-00C04F79EFBC}") = "Senparc.Weixin.Open", "Senparc\Senparc.Weixin.Open\Senparc.Weixin.Open.csproj", "{54732C3D-B673-4BBF-B0C3-6432E3D6F522}"
EndProject
Project("{FAE04EC0-301F-11D3-BF4B-00C04F79EFBC}") = "MD.WXAcessTokenRefresh", "Mmd.Services\MD.WXAcessTokenRefresh\MD.WXAcessTokenRefresh.csproj", "{9C5C6479-BF9A-4710-B6FB-071B1A15BB27}"
EndProject
Project("{FAE04EC0-301F-11D3-BF4B-00C04F79EFBC}") = "Mmd.Backend", "Mmd.Backend\Mmd.Backend.csproj", "{2769D36F-2813-4268-8FAB-44FB74827658}"
EndProject
Project("{FAE04EC0-301F-11D3-BF4B-00C04F79EFBC}") = "Md.RefundSevice", "Mmd.Services\Md.RefundSevice\Md.RefundSevice.csproj", "{580D3E72-6AD9-4DBC-AF3A-7B8C0591EE63}"
EndProject
Project("{FAE04EC0-301F-11D3-BF4B-00C04F79EFBC}") = "Md.WxPayCallBackProcess", "Mmd.Services\Md.WxPayCallBackProcess\Md.WxPayCallBackProcess.csproj", "{C1A18B94-AE9A-4E2C-9AE3-610D7CE8545F}"
EndProject
Project("{FAE04EC0-301F-11D3-BF4B-00C04F79EFBC}") = "Md.Messaging", "mmd.Services\Md.Messaging\Md.Messaging.csproj", "{59AB6A55-815E-499B-BF5E-9EDC7920BB9D}"
EndProject
Project("{FAE04EC0-301F-11D3-BF4B-00C04F79EFBC}") = "Md.VectorService", "Mmd.Services\Md.VectorService\Md.VectorService.csproj", "{1C1900FA-B567-4A88-A188-045F0EC131D5}"
EndProject
Project("{FAE04EC0-301F-11D3-BF4B-00C04F79EFBC}") = "Md.Robot", "Mmd.Services\Md.Robot\Md.Robot.csproj", "{3A628EAE-2BBB-4C9E-B03D-030DCF73B29C}"
EndProject
Project("{FAE04EC0-301F-11D3-BF4B-00C04F79EFBC}") = "Mmd.Statistics", "Mmd.Statistics\Mmd.Statistics.csproj", "{7C496163-8715-4A15-BE33-4BB97836796D}"
EndProject
Project("{FAE04EC0-301F-11D3-BF4B-00C04F79EFBC}") = "MD.LotteryService", "Mmd.Services\MD.LotteryService\MD.LotteryService.csproj", "{9A5E094F-7432-4706-82F1-F8560C0B2225}"
EndProject
Project("{FAE04EC0-301F-11D3-BF4B-00C04F79EFBC}") = "Md.RemindMessageService", "Mmd.Services\Md.RemindMessageService\Md.RemindMessageService.csproj", "{E58B391C-B2F3-47FE-9536-DB34D02C2FB7}"
EndProject
Project("{FAE04EC0-301F-11D3-BF4B-00C04F79EFBC}") = "Mmd.Activitys", "Mmd.Activitys\Mmd.Activitys.csproj", "{687B22C9-7987-4536-84B5-9336CC4C20DB}"
EndProject
Global
	GlobalSection(SolutionConfigurationPlatforms) = preSolution
		Debug|Any CPU = Debug|Any CPU
		Debug|x64 = Debug|x64
		Debug|x86 = Debug|x86
		Release|Any CPU = Release|Any CPU
		Release|x64 = Release|x64
		Release|x86 = Release|x86
		Test|Any CPU = Test|Any CPU
		Test|x64 = Test|x64
		Test|x86 = Test|x86
	EndGlobalSection
	GlobalSection(ProjectConfigurationPlatforms) = postSolution
		{36DA8162-AA8D-4DA3-97AF-256C5965D032}.Debug|Any CPU.ActiveCfg = Debug|Any CPU
		{36DA8162-AA8D-4DA3-97AF-256C5965D032}.Debug|Any CPU.Build.0 = Debug|Any CPU
		{36DA8162-AA8D-4DA3-97AF-256C5965D032}.Debug|x64.ActiveCfg = Debug|Any CPU
		{36DA8162-AA8D-4DA3-97AF-256C5965D032}.Debug|x64.Build.0 = Debug|Any CPU
		{36DA8162-AA8D-4DA3-97AF-256C5965D032}.Debug|x86.ActiveCfg = Debug|Any CPU
		{36DA8162-AA8D-4DA3-97AF-256C5965D032}.Debug|x86.Build.0 = Debug|Any CPU
		{36DA8162-AA8D-4DA3-97AF-256C5965D032}.Release|Any CPU.ActiveCfg = Release|Any CPU
		{36DA8162-AA8D-4DA3-97AF-256C5965D032}.Release|Any CPU.Build.0 = Release|Any CPU
		{36DA8162-AA8D-4DA3-97AF-256C5965D032}.Release|x64.ActiveCfg = Release|Any CPU
		{36DA8162-AA8D-4DA3-97AF-256C5965D032}.Release|x64.Build.0 = Release|Any CPU
		{36DA8162-AA8D-4DA3-97AF-256C5965D032}.Release|x86.ActiveCfg = Release|Any CPU
		{36DA8162-AA8D-4DA3-97AF-256C5965D032}.Release|x86.Build.0 = Release|Any CPU
		{36DA8162-AA8D-4DA3-97AF-256C5965D032}.Test|Any CPU.ActiveCfg = Release|Any CPU
		{36DA8162-AA8D-4DA3-97AF-256C5965D032}.Test|Any CPU.Build.0 = Release|Any CPU
		{36DA8162-AA8D-4DA3-97AF-256C5965D032}.Test|x64.ActiveCfg = Release|Any CPU
		{36DA8162-AA8D-4DA3-97AF-256C5965D032}.Test|x64.Build.0 = Release|Any CPU
		{36DA8162-AA8D-4DA3-97AF-256C5965D032}.Test|x86.ActiveCfg = Release|Any CPU
		{36DA8162-AA8D-4DA3-97AF-256C5965D032}.Test|x86.Build.0 = Release|Any CPU
		{3F9AF220-C1B0-4575-9D2D-E8947564CA15}.Debug|Any CPU.ActiveCfg = Debug|Any CPU
		{3F9AF220-C1B0-4575-9D2D-E8947564CA15}.Debug|Any CPU.Build.0 = Debug|Any CPU
		{3F9AF220-C1B0-4575-9D2D-E8947564CA15}.Debug|x64.ActiveCfg = Debug|Any CPU
		{3F9AF220-C1B0-4575-9D2D-E8947564CA15}.Debug|x64.Build.0 = Debug|Any CPU
		{3F9AF220-C1B0-4575-9D2D-E8947564CA15}.Debug|x86.ActiveCfg = Debug|Any CPU
		{3F9AF220-C1B0-4575-9D2D-E8947564CA15}.Debug|x86.Build.0 = Debug|Any CPU
		{3F9AF220-C1B0-4575-9D2D-E8947564CA15}.Release|Any CPU.ActiveCfg = Release|Any CPU
		{3F9AF220-C1B0-4575-9D2D-E8947564CA15}.Release|Any CPU.Build.0 = Release|Any CPU
		{3F9AF220-C1B0-4575-9D2D-E8947564CA15}.Release|x64.ActiveCfg = Release|Any CPU
		{3F9AF220-C1B0-4575-9D2D-E8947564CA15}.Release|x64.Build.0 = Release|Any CPU
		{3F9AF220-C1B0-4575-9D2D-E8947564CA15}.Release|x86.ActiveCfg = Release|Any CPU
		{3F9AF220-C1B0-4575-9D2D-E8947564CA15}.Release|x86.Build.0 = Release|Any CPU
		{3F9AF220-C1B0-4575-9D2D-E8947564CA15}.Test|Any CPU.ActiveCfg = Release|Any CPU
		{3F9AF220-C1B0-4575-9D2D-E8947564CA15}.Test|Any CPU.Build.0 = Release|Any CPU
		{3F9AF220-C1B0-4575-9D2D-E8947564CA15}.Test|x64.ActiveCfg = Release|Any CPU
		{3F9AF220-C1B0-4575-9D2D-E8947564CA15}.Test|x64.Build.0 = Release|Any CPU
		{3F9AF220-C1B0-4575-9D2D-E8947564CA15}.Test|x86.ActiveCfg = Release|Any CPU
		{3F9AF220-C1B0-4575-9D2D-E8947564CA15}.Test|x86.Build.0 = Release|Any CPU
		{61C4D99A-E212-45C3-B3DD-B3E7CC740921}.Debug|Any CPU.ActiveCfg = Debug|Any CPU
		{61C4D99A-E212-45C3-B3DD-B3E7CC740921}.Debug|Any CPU.Build.0 = Debug|Any CPU
		{61C4D99A-E212-45C3-B3DD-B3E7CC740921}.Debug|x64.ActiveCfg = Debug|Any CPU
		{61C4D99A-E212-45C3-B3DD-B3E7CC740921}.Debug|x64.Build.0 = Debug|Any CPU
		{61C4D99A-E212-45C3-B3DD-B3E7CC740921}.Debug|x86.ActiveCfg = Debug|Any CPU
		{61C4D99A-E212-45C3-B3DD-B3E7CC740921}.Debug|x86.Build.0 = Debug|Any CPU
		{61C4D99A-E212-45C3-B3DD-B3E7CC740921}.Release|Any CPU.ActiveCfg = Release|Any CPU
		{61C4D99A-E212-45C3-B3DD-B3E7CC740921}.Release|Any CPU.Build.0 = Release|Any CPU
		{61C4D99A-E212-45C3-B3DD-B3E7CC740921}.Release|x64.ActiveCfg = Release|Any CPU
		{61C4D99A-E212-45C3-B3DD-B3E7CC740921}.Release|x64.Build.0 = Release|Any CPU
		{61C4D99A-E212-45C3-B3DD-B3E7CC740921}.Release|x86.ActiveCfg = Release|Any CPU
		{61C4D99A-E212-45C3-B3DD-B3E7CC740921}.Release|x86.Build.0 = Release|Any CPU
		{61C4D99A-E212-45C3-B3DD-B3E7CC740921}.Test|Any CPU.ActiveCfg = Release|Any CPU
		{61C4D99A-E212-45C3-B3DD-B3E7CC740921}.Test|Any CPU.Build.0 = Release|Any CPU
		{61C4D99A-E212-45C3-B3DD-B3E7CC740921}.Test|x64.ActiveCfg = Release|Any CPU
		{61C4D99A-E212-45C3-B3DD-B3E7CC740921}.Test|x64.Build.0 = Release|Any CPU
		{61C4D99A-E212-45C3-B3DD-B3E7CC740921}.Test|x86.ActiveCfg = Release|Any CPU
		{61C4D99A-E212-45C3-B3DD-B3E7CC740921}.Test|x86.Build.0 = Release|Any CPU
		{5F2379BF-C239-43A5-B947-AF9E70891141}.Debug|Any CPU.ActiveCfg = Debug|Any CPU
		{5F2379BF-C239-43A5-B947-AF9E70891141}.Debug|Any CPU.Build.0 = Debug|Any CPU
		{5F2379BF-C239-43A5-B947-AF9E70891141}.Debug|x64.ActiveCfg = Debug|Any CPU
		{5F2379BF-C239-43A5-B947-AF9E70891141}.Debug|x64.Build.0 = Debug|Any CPU
		{5F2379BF-C239-43A5-B947-AF9E70891141}.Debug|x86.ActiveCfg = Debug|Any CPU
		{5F2379BF-C239-43A5-B947-AF9E70891141}.Debug|x86.Build.0 = Debug|Any CPU
		{5F2379BF-C239-43A5-B947-AF9E70891141}.Release|Any CPU.ActiveCfg = Release|Any CPU
		{5F2379BF-C239-43A5-B947-AF9E70891141}.Release|Any CPU.Build.0 = Release|Any CPU
		{5F2379BF-C239-43A5-B947-AF9E70891141}.Release|x64.ActiveCfg = Release|Any CPU
		{5F2379BF-C239-43A5-B947-AF9E70891141}.Release|x64.Build.0 = Release|Any CPU
		{5F2379BF-C239-43A5-B947-AF9E70891141}.Release|x86.ActiveCfg = Release|Any CPU
		{5F2379BF-C239-43A5-B947-AF9E70891141}.Release|x86.Build.0 = Release|Any CPU
		{5F2379BF-C239-43A5-B947-AF9E70891141}.Test|Any CPU.ActiveCfg = Release|Any CPU
		{5F2379BF-C239-43A5-B947-AF9E70891141}.Test|Any CPU.Build.0 = Release|Any CPU
		{5F2379BF-C239-43A5-B947-AF9E70891141}.Test|x64.ActiveCfg = Release|Any CPU
		{5F2379BF-C239-43A5-B947-AF9E70891141}.Test|x64.Build.0 = Release|Any CPU
		{5F2379BF-C239-43A5-B947-AF9E70891141}.Test|x86.ActiveCfg = Release|Any CPU
		{5F2379BF-C239-43A5-B947-AF9E70891141}.Test|x86.Build.0 = Release|Any CPU
		{AD4EA9D1-11C2-4BF6-8A06-72A966BC1B80}.Debug|Any CPU.ActiveCfg = Debug|Any CPU
		{AD4EA9D1-11C2-4BF6-8A06-72A966BC1B80}.Debug|Any CPU.Build.0 = Debug|Any CPU
		{AD4EA9D1-11C2-4BF6-8A06-72A966BC1B80}.Debug|x64.ActiveCfg = Debug|x64
		{AD4EA9D1-11C2-4BF6-8A06-72A966BC1B80}.Debug|x64.Build.0 = Debug|x64
		{AD4EA9D1-11C2-4BF6-8A06-72A966BC1B80}.Debug|x86.ActiveCfg = Debug|x86
		{AD4EA9D1-11C2-4BF6-8A06-72A966BC1B80}.Debug|x86.Build.0 = Debug|x86
		{AD4EA9D1-11C2-4BF6-8A06-72A966BC1B80}.Release|Any CPU.ActiveCfg = Release|Any CPU
		{AD4EA9D1-11C2-4BF6-8A06-72A966BC1B80}.Release|Any CPU.Build.0 = Release|Any CPU
		{AD4EA9D1-11C2-4BF6-8A06-72A966BC1B80}.Release|x64.ActiveCfg = Release|x64
		{AD4EA9D1-11C2-4BF6-8A06-72A966BC1B80}.Release|x64.Build.0 = Release|x64
		{AD4EA9D1-11C2-4BF6-8A06-72A966BC1B80}.Release|x86.ActiveCfg = Release|x86
		{AD4EA9D1-11C2-4BF6-8A06-72A966BC1B80}.Release|x86.Build.0 = Release|x86
		{AD4EA9D1-11C2-4BF6-8A06-72A966BC1B80}.Test|Any CPU.ActiveCfg = Release|Any CPU
		{AD4EA9D1-11C2-4BF6-8A06-72A966BC1B80}.Test|Any CPU.Build.0 = Release|Any CPU
		{AD4EA9D1-11C2-4BF6-8A06-72A966BC1B80}.Test|x64.ActiveCfg = Release|x64
		{AD4EA9D1-11C2-4BF6-8A06-72A966BC1B80}.Test|x64.Build.0 = Release|x64
		{AD4EA9D1-11C2-4BF6-8A06-72A966BC1B80}.Test|x86.ActiveCfg = Release|x86
		{AD4EA9D1-11C2-4BF6-8A06-72A966BC1B80}.Test|x86.Build.0 = Release|x86
		{68E0D070-E6F1-47CD-B049-5B6C4C48164D}.Debug|Any CPU.ActiveCfg = Debug|Any CPU
		{68E0D070-E6F1-47CD-B049-5B6C4C48164D}.Debug|Any CPU.Build.0 = Debug|Any CPU
		{68E0D070-E6F1-47CD-B049-5B6C4C48164D}.Debug|x64.ActiveCfg = Debug|Any CPU
		{68E0D070-E6F1-47CD-B049-5B6C4C48164D}.Debug|x64.Build.0 = Debug|Any CPU
		{68E0D070-E6F1-47CD-B049-5B6C4C48164D}.Debug|x86.ActiveCfg = Debug|Any CPU
		{68E0D070-E6F1-47CD-B049-5B6C4C48164D}.Debug|x86.Build.0 = Debug|Any CPU
		{68E0D070-E6F1-47CD-B049-5B6C4C48164D}.Release|Any CPU.ActiveCfg = Release|Any CPU
		{68E0D070-E6F1-47CD-B049-5B6C4C48164D}.Release|Any CPU.Build.0 = Release|Any CPU
		{68E0D070-E6F1-47CD-B049-5B6C4C48164D}.Release|x64.ActiveCfg = Release|Any CPU
		{68E0D070-E6F1-47CD-B049-5B6C4C48164D}.Release|x64.Build.0 = Release|Any CPU
		{68E0D070-E6F1-47CD-B049-5B6C4C48164D}.Release|x86.ActiveCfg = Release|Any CPU
		{68E0D070-E6F1-47CD-B049-5B6C4C48164D}.Release|x86.Build.0 = Release|Any CPU
		{68E0D070-E6F1-47CD-B049-5B6C4C48164D}.Test|Any CPU.ActiveCfg = Release|Any CPU
		{68E0D070-E6F1-47CD-B049-5B6C4C48164D}.Test|Any CPU.Build.0 = Release|Any CPU
		{68E0D070-E6F1-47CD-B049-5B6C4C48164D}.Test|x64.ActiveCfg = Release|Any CPU
		{68E0D070-E6F1-47CD-B049-5B6C4C48164D}.Test|x64.Build.0 = Release|Any CPU
		{68E0D070-E6F1-47CD-B049-5B6C4C48164D}.Test|x86.ActiveCfg = Release|Any CPU
		{68E0D070-E6F1-47CD-B049-5B6C4C48164D}.Test|x86.Build.0 = Release|Any CPU
		{814092CD-9CD0-4FB7-91E8-D147F476F1FB}.Debug|Any CPU.ActiveCfg = Debug|Any CPU
		{814092CD-9CD0-4FB7-91E8-D147F476F1FB}.Debug|Any CPU.Build.0 = Debug|Any CPU
		{814092CD-9CD0-4FB7-91E8-D147F476F1FB}.Debug|x64.ActiveCfg = Debug|Any CPU
		{814092CD-9CD0-4FB7-91E8-D147F476F1FB}.Debug|x64.Build.0 = Debug|Any CPU
		{814092CD-9CD0-4FB7-91E8-D147F476F1FB}.Debug|x86.ActiveCfg = Debug|x86
		{814092CD-9CD0-4FB7-91E8-D147F476F1FB}.Debug|x86.Build.0 = Debug|x86
		{814092CD-9CD0-4FB7-91E8-D147F476F1FB}.Release|Any CPU.ActiveCfg = Release|Any CPU
		{814092CD-9CD0-4FB7-91E8-D147F476F1FB}.Release|Any CPU.Build.0 = Release|Any CPU
		{814092CD-9CD0-4FB7-91E8-D147F476F1FB}.Release|x64.ActiveCfg = Release|Any CPU
		{814092CD-9CD0-4FB7-91E8-D147F476F1FB}.Release|x64.Build.0 = Release|Any CPU
		{814092CD-9CD0-4FB7-91E8-D147F476F1FB}.Release|x86.ActiveCfg = Release|x86
		{814092CD-9CD0-4FB7-91E8-D147F476F1FB}.Release|x86.Build.0 = Release|x86
		{814092CD-9CD0-4FB7-91E8-D147F476F1FB}.Test|Any CPU.ActiveCfg = Release|Any CPU
		{814092CD-9CD0-4FB7-91E8-D147F476F1FB}.Test|Any CPU.Build.0 = Release|Any CPU
		{814092CD-9CD0-4FB7-91E8-D147F476F1FB}.Test|x64.ActiveCfg = Release|Any CPU
		{814092CD-9CD0-4FB7-91E8-D147F476F1FB}.Test|x64.Build.0 = Release|Any CPU
		{814092CD-9CD0-4FB7-91E8-D147F476F1FB}.Test|x86.ActiveCfg = Release|x86
		{814092CD-9CD0-4FB7-91E8-D147F476F1FB}.Test|x86.Build.0 = Release|x86
		{1D815FBF-451C-4E23-939C-CB80172F445C}.Debug|Any CPU.ActiveCfg = Debug|Any CPU
		{1D815FBF-451C-4E23-939C-CB80172F445C}.Debug|Any CPU.Build.0 = Debug|Any CPU
		{1D815FBF-451C-4E23-939C-CB80172F445C}.Debug|x64.ActiveCfg = Debug|Any CPU
		{1D815FBF-451C-4E23-939C-CB80172F445C}.Debug|x64.Build.0 = Debug|Any CPU
		{1D815FBF-451C-4E23-939C-CB80172F445C}.Debug|x86.ActiveCfg = Debug|x86
		{1D815FBF-451C-4E23-939C-CB80172F445C}.Debug|x86.Build.0 = Debug|x86
		{1D815FBF-451C-4E23-939C-CB80172F445C}.Release|Any CPU.ActiveCfg = Release|Any CPU
		{1D815FBF-451C-4E23-939C-CB80172F445C}.Release|Any CPU.Build.0 = Release|Any CPU
		{1D815FBF-451C-4E23-939C-CB80172F445C}.Release|x64.ActiveCfg = Release|Any CPU
		{1D815FBF-451C-4E23-939C-CB80172F445C}.Release|x64.Build.0 = Release|Any CPU
		{1D815FBF-451C-4E23-939C-CB80172F445C}.Release|x86.ActiveCfg = Release|x86
		{1D815FBF-451C-4E23-939C-CB80172F445C}.Release|x86.Build.0 = Release|x86
		{1D815FBF-451C-4E23-939C-CB80172F445C}.Test|Any CPU.ActiveCfg = Test|Any CPU
		{1D815FBF-451C-4E23-939C-CB80172F445C}.Test|Any CPU.Build.0 = Test|Any CPU
		{1D815FBF-451C-4E23-939C-CB80172F445C}.Test|x64.ActiveCfg = Test|Any CPU
		{1D815FBF-451C-4E23-939C-CB80172F445C}.Test|x64.Build.0 = Test|Any CPU
		{1D815FBF-451C-4E23-939C-CB80172F445C}.Test|x86.ActiveCfg = Test|x86
		{1D815FBF-451C-4E23-939C-CB80172F445C}.Test|x86.Build.0 = Test|x86
		{54732C3D-B673-4BBF-B0C3-6432E3D6F522}.Debug|Any CPU.ActiveCfg = Debug|Any CPU
		{54732C3D-B673-4BBF-B0C3-6432E3D6F522}.Debug|Any CPU.Build.0 = Debug|Any CPU
		{54732C3D-B673-4BBF-B0C3-6432E3D6F522}.Debug|x64.ActiveCfg = Debug|Any CPU
		{54732C3D-B673-4BBF-B0C3-6432E3D6F522}.Debug|x64.Build.0 = Debug|Any CPU
		{54732C3D-B673-4BBF-B0C3-6432E3D6F522}.Debug|x86.ActiveCfg = Debug|x86
		{54732C3D-B673-4BBF-B0C3-6432E3D6F522}.Debug|x86.Build.0 = Debug|x86
		{54732C3D-B673-4BBF-B0C3-6432E3D6F522}.Release|Any CPU.ActiveCfg = Release|Any CPU
		{54732C3D-B673-4BBF-B0C3-6432E3D6F522}.Release|Any CPU.Build.0 = Release|Any CPU
		{54732C3D-B673-4BBF-B0C3-6432E3D6F522}.Release|x64.ActiveCfg = Release|Any CPU
		{54732C3D-B673-4BBF-B0C3-6432E3D6F522}.Release|x64.Build.0 = Release|Any CPU
		{54732C3D-B673-4BBF-B0C3-6432E3D6F522}.Release|x86.ActiveCfg = Release|x86
		{54732C3D-B673-4BBF-B0C3-6432E3D6F522}.Release|x86.Build.0 = Release|x86
		{54732C3D-B673-4BBF-B0C3-6432E3D6F522}.Test|Any CPU.ActiveCfg = Release|Any CPU
		{54732C3D-B673-4BBF-B0C3-6432E3D6F522}.Test|Any CPU.Build.0 = Release|Any CPU
		{54732C3D-B673-4BBF-B0C3-6432E3D6F522}.Test|x64.ActiveCfg = Release|Any CPU
		{54732C3D-B673-4BBF-B0C3-6432E3D6F522}.Test|x64.Build.0 = Release|Any CPU
		{54732C3D-B673-4BBF-B0C3-6432E3D6F522}.Test|x86.ActiveCfg = Release|x86
		{54732C3D-B673-4BBF-B0C3-6432E3D6F522}.Test|x86.Build.0 = Release|x86
		{9C5C6479-BF9A-4710-B6FB-071B1A15BB27}.Debug|Any CPU.ActiveCfg = Debug|Any CPU
		{9C5C6479-BF9A-4710-B6FB-071B1A15BB27}.Debug|Any CPU.Build.0 = Debug|Any CPU
		{9C5C6479-BF9A-4710-B6FB-071B1A15BB27}.Debug|x64.ActiveCfg = Debug|Any CPU
		{9C5C6479-BF9A-4710-B6FB-071B1A15BB27}.Debug|x64.Build.0 = Debug|Any CPU
		{9C5C6479-BF9A-4710-B6FB-071B1A15BB27}.Debug|x86.ActiveCfg = Debug|Any CPU
		{9C5C6479-BF9A-4710-B6FB-071B1A15BB27}.Debug|x86.Build.0 = Debug|Any CPU
		{9C5C6479-BF9A-4710-B6FB-071B1A15BB27}.Release|Any CPU.ActiveCfg = Release|Any CPU
		{9C5C6479-BF9A-4710-B6FB-071B1A15BB27}.Release|Any CPU.Build.0 = Release|Any CPU
		{9C5C6479-BF9A-4710-B6FB-071B1A15BB27}.Release|x64.ActiveCfg = Release|Any CPU
		{9C5C6479-BF9A-4710-B6FB-071B1A15BB27}.Release|x64.Build.0 = Release|Any CPU
		{9C5C6479-BF9A-4710-B6FB-071B1A15BB27}.Release|x86.ActiveCfg = Release|Any CPU
		{9C5C6479-BF9A-4710-B6FB-071B1A15BB27}.Release|x86.Build.0 = Release|Any CPU
		{9C5C6479-BF9A-4710-B6FB-071B1A15BB27}.Test|Any CPU.ActiveCfg = Release|Any CPU
		{9C5C6479-BF9A-4710-B6FB-071B1A15BB27}.Test|Any CPU.Build.0 = Release|Any CPU
		{9C5C6479-BF9A-4710-B6FB-071B1A15BB27}.Test|x64.ActiveCfg = Release|Any CPU
		{9C5C6479-BF9A-4710-B6FB-071B1A15BB27}.Test|x64.Build.0 = Release|Any CPU
		{9C5C6479-BF9A-4710-B6FB-071B1A15BB27}.Test|x86.ActiveCfg = Release|Any CPU
		{9C5C6479-BF9A-4710-B6FB-071B1A15BB27}.Test|x86.Build.0 = Release|Any CPU
		{2769D36F-2813-4268-8FAB-44FB74827658}.Debug|Any CPU.ActiveCfg = Debug|Any CPU
		{2769D36F-2813-4268-8FAB-44FB74827658}.Debug|Any CPU.Build.0 = Debug|Any CPU
		{2769D36F-2813-4268-8FAB-44FB74827658}.Debug|x64.ActiveCfg = Debug|Any CPU
		{2769D36F-2813-4268-8FAB-44FB74827658}.Debug|x64.Build.0 = Debug|Any CPU
		{2769D36F-2813-4268-8FAB-44FB74827658}.Debug|x86.ActiveCfg = Debug|Any CPU
		{2769D36F-2813-4268-8FAB-44FB74827658}.Debug|x86.Build.0 = Debug|Any CPU
		{2769D36F-2813-4268-8FAB-44FB74827658}.Release|Any CPU.ActiveCfg = Release|Any CPU
		{2769D36F-2813-4268-8FAB-44FB74827658}.Release|Any CPU.Build.0 = Release|Any CPU
		{2769D36F-2813-4268-8FAB-44FB74827658}.Release|x64.ActiveCfg = Release|Any CPU
		{2769D36F-2813-4268-8FAB-44FB74827658}.Release|x64.Build.0 = Release|Any CPU
		{2769D36F-2813-4268-8FAB-44FB74827658}.Release|x86.ActiveCfg = Release|Any CPU
		{2769D36F-2813-4268-8FAB-44FB74827658}.Release|x86.Build.0 = Release|Any CPU
		{2769D36F-2813-4268-8FAB-44FB74827658}.Test|Any CPU.ActiveCfg = Release|Any CPU
		{2769D36F-2813-4268-8FAB-44FB74827658}.Test|Any CPU.Build.0 = Release|Any CPU
		{2769D36F-2813-4268-8FAB-44FB74827658}.Test|x64.ActiveCfg = Release|Any CPU
		{2769D36F-2813-4268-8FAB-44FB74827658}.Test|x64.Build.0 = Release|Any CPU
		{2769D36F-2813-4268-8FAB-44FB74827658}.Test|x86.ActiveCfg = Release|Any CPU
		{2769D36F-2813-4268-8FAB-44FB74827658}.Test|x86.Build.0 = Release|Any CPU
		{580D3E72-6AD9-4DBC-AF3A-7B8C0591EE63}.Debug|Any CPU.ActiveCfg = Debug|Any CPU
		{580D3E72-6AD9-4DBC-AF3A-7B8C0591EE63}.Debug|Any CPU.Build.0 = Debug|Any CPU
		{580D3E72-6AD9-4DBC-AF3A-7B8C0591EE63}.Debug|x64.ActiveCfg = Debug|Any CPU
		{580D3E72-6AD9-4DBC-AF3A-7B8C0591EE63}.Debug|x64.Build.0 = Debug|Any CPU
		{580D3E72-6AD9-4DBC-AF3A-7B8C0591EE63}.Debug|x86.ActiveCfg = Debug|Any CPU
		{580D3E72-6AD9-4DBC-AF3A-7B8C0591EE63}.Debug|x86.Build.0 = Debug|Any CPU
		{580D3E72-6AD9-4DBC-AF3A-7B8C0591EE63}.Release|Any CPU.ActiveCfg = Release|Any CPU
		{580D3E72-6AD9-4DBC-AF3A-7B8C0591EE63}.Release|Any CPU.Build.0 = Release|Any CPU
		{580D3E72-6AD9-4DBC-AF3A-7B8C0591EE63}.Release|x64.ActiveCfg = Release|Any CPU
		{580D3E72-6AD9-4DBC-AF3A-7B8C0591EE63}.Release|x64.Build.0 = Release|Any CPU
		{580D3E72-6AD9-4DBC-AF3A-7B8C0591EE63}.Release|x86.ActiveCfg = Release|Any CPU
		{580D3E72-6AD9-4DBC-AF3A-7B8C0591EE63}.Release|x86.Build.0 = Release|Any CPU
		{580D3E72-6AD9-4DBC-AF3A-7B8C0591EE63}.Test|Any CPU.ActiveCfg = Release|Any CPU
		{580D3E72-6AD9-4DBC-AF3A-7B8C0591EE63}.Test|Any CPU.Build.0 = Release|Any CPU
		{580D3E72-6AD9-4DBC-AF3A-7B8C0591EE63}.Test|x64.ActiveCfg = Release|Any CPU
		{580D3E72-6AD9-4DBC-AF3A-7B8C0591EE63}.Test|x64.Build.0 = Release|Any CPU
		{580D3E72-6AD9-4DBC-AF3A-7B8C0591EE63}.Test|x86.ActiveCfg = Release|Any CPU
		{580D3E72-6AD9-4DBC-AF3A-7B8C0591EE63}.Test|x86.Build.0 = Release|Any CPU
		{C1A18B94-AE9A-4E2C-9AE3-610D7CE8545F}.Debug|Any CPU.ActiveCfg = Debug|Any CPU
		{C1A18B94-AE9A-4E2C-9AE3-610D7CE8545F}.Debug|Any CPU.Build.0 = Debug|Any CPU
		{C1A18B94-AE9A-4E2C-9AE3-610D7CE8545F}.Debug|x64.ActiveCfg = Debug|Any CPU
		{C1A18B94-AE9A-4E2C-9AE3-610D7CE8545F}.Debug|x64.Build.0 = Debug|Any CPU
		{C1A18B94-AE9A-4E2C-9AE3-610D7CE8545F}.Debug|x86.ActiveCfg = Debug|Any CPU
		{C1A18B94-AE9A-4E2C-9AE3-610D7CE8545F}.Debug|x86.Build.0 = Debug|Any CPU
		{C1A18B94-AE9A-4E2C-9AE3-610D7CE8545F}.Release|Any CPU.ActiveCfg = Release|Any CPU
		{C1A18B94-AE9A-4E2C-9AE3-610D7CE8545F}.Release|Any CPU.Build.0 = Release|Any CPU
		{C1A18B94-AE9A-4E2C-9AE3-610D7CE8545F}.Release|x64.ActiveCfg = Release|Any CPU
		{C1A18B94-AE9A-4E2C-9AE3-610D7CE8545F}.Release|x64.Build.0 = Release|Any CPU
		{C1A18B94-AE9A-4E2C-9AE3-610D7CE8545F}.Release|x86.ActiveCfg = Release|Any CPU
		{C1A18B94-AE9A-4E2C-9AE3-610D7CE8545F}.Release|x86.Build.0 = Release|Any CPU
		{C1A18B94-AE9A-4E2C-9AE3-610D7CE8545F}.Test|Any CPU.ActiveCfg = Release|Any CPU
		{C1A18B94-AE9A-4E2C-9AE3-610D7CE8545F}.Test|Any CPU.Build.0 = Release|Any CPU
		{C1A18B94-AE9A-4E2C-9AE3-610D7CE8545F}.Test|x64.ActiveCfg = Release|Any CPU
		{C1A18B94-AE9A-4E2C-9AE3-610D7CE8545F}.Test|x64.Build.0 = Release|Any CPU
		{C1A18B94-AE9A-4E2C-9AE3-610D7CE8545F}.Test|x86.ActiveCfg = Release|Any CPU
		{C1A18B94-AE9A-4E2C-9AE3-610D7CE8545F}.Test|x86.Build.0 = Release|Any CPU
		{59AB6A55-815E-499B-BF5E-9EDC7920BB9D}.Debug|Any CPU.ActiveCfg = Debug|Any CPU
		{59AB6A55-815E-499B-BF5E-9EDC7920BB9D}.Debug|Any CPU.Build.0 = Debug|Any CPU
		{59AB6A55-815E-499B-BF5E-9EDC7920BB9D}.Debug|x64.ActiveCfg = Debug|Any CPU
		{59AB6A55-815E-499B-BF5E-9EDC7920BB9D}.Debug|x64.Build.0 = Debug|Any CPU
		{59AB6A55-815E-499B-BF5E-9EDC7920BB9D}.Debug|x86.ActiveCfg = Debug|Any CPU
		{59AB6A55-815E-499B-BF5E-9EDC7920BB9D}.Debug|x86.Build.0 = Debug|Any CPU
		{59AB6A55-815E-499B-BF5E-9EDC7920BB9D}.Release|Any CPU.ActiveCfg = Release|Any CPU
		{59AB6A55-815E-499B-BF5E-9EDC7920BB9D}.Release|Any CPU.Build.0 = Release|Any CPU
		{59AB6A55-815E-499B-BF5E-9EDC7920BB9D}.Release|x64.ActiveCfg = Release|Any CPU
		{59AB6A55-815E-499B-BF5E-9EDC7920BB9D}.Release|x64.Build.0 = Release|Any CPU
		{59AB6A55-815E-499B-BF5E-9EDC7920BB9D}.Release|x86.ActiveCfg = Release|Any CPU
		{59AB6A55-815E-499B-BF5E-9EDC7920BB9D}.Release|x86.Build.0 = Release|Any CPU
		{59AB6A55-815E-499B-BF5E-9EDC7920BB9D}.Test|Any CPU.ActiveCfg = Release|Any CPU
		{59AB6A55-815E-499B-BF5E-9EDC7920BB9D}.Test|Any CPU.Build.0 = Release|Any CPU
		{59AB6A55-815E-499B-BF5E-9EDC7920BB9D}.Test|x64.ActiveCfg = Release|Any CPU
		{59AB6A55-815E-499B-BF5E-9EDC7920BB9D}.Test|x64.Build.0 = Release|Any CPU
		{59AB6A55-815E-499B-BF5E-9EDC7920BB9D}.Test|x86.ActiveCfg = Release|Any CPU
		{59AB6A55-815E-499B-BF5E-9EDC7920BB9D}.Test|x86.Build.0 = Release|Any CPU
		{1C1900FA-B567-4A88-A188-045F0EC131D5}.Debug|Any CPU.ActiveCfg = Debug|Any CPU
		{1C1900FA-B567-4A88-A188-045F0EC131D5}.Debug|Any CPU.Build.0 = Debug|Any CPU
		{1C1900FA-B567-4A88-A188-045F0EC131D5}.Debug|x64.ActiveCfg = Debug|Any CPU
		{1C1900FA-B567-4A88-A188-045F0EC131D5}.Debug|x64.Build.0 = Debug|Any CPU
		{1C1900FA-B567-4A88-A188-045F0EC131D5}.Debug|x86.ActiveCfg = Debug|Any CPU
		{1C1900FA-B567-4A88-A188-045F0EC131D5}.Debug|x86.Build.0 = Debug|Any CPU
		{1C1900FA-B567-4A88-A188-045F0EC131D5}.Release|Any CPU.ActiveCfg = Release|Any CPU
		{1C1900FA-B567-4A88-A188-045F0EC131D5}.Release|Any CPU.Build.0 = Release|Any CPU
		{1C1900FA-B567-4A88-A188-045F0EC131D5}.Release|x64.ActiveCfg = Release|Any CPU
		{1C1900FA-B567-4A88-A188-045F0EC131D5}.Release|x64.Build.0 = Release|Any CPU
		{1C1900FA-B567-4A88-A188-045F0EC131D5}.Release|x86.ActiveCfg = Release|Any CPU
		{1C1900FA-B567-4A88-A188-045F0EC131D5}.Release|x86.Build.0 = Release|Any CPU
		{1C1900FA-B567-4A88-A188-045F0EC131D5}.Test|Any CPU.ActiveCfg = Release|Any CPU
		{1C1900FA-B567-4A88-A188-045F0EC131D5}.Test|Any CPU.Build.0 = Release|Any CPU
		{1C1900FA-B567-4A88-A188-045F0EC131D5}.Test|x64.ActiveCfg = Release|Any CPU
		{1C1900FA-B567-4A88-A188-045F0EC131D5}.Test|x64.Build.0 = Release|Any CPU
		{1C1900FA-B567-4A88-A188-045F0EC131D5}.Test|x86.ActiveCfg = Release|Any CPU
		{1C1900FA-B567-4A88-A188-045F0EC131D5}.Test|x86.Build.0 = Release|Any CPU
		{3A628EAE-2BBB-4C9E-B03D-030DCF73B29C}.Debug|Any CPU.ActiveCfg = Debug|Any CPU
		{3A628EAE-2BBB-4C9E-B03D-030DCF73B29C}.Debug|Any CPU.Build.0 = Debug|Any CPU
		{3A628EAE-2BBB-4C9E-B03D-030DCF73B29C}.Debug|x64.ActiveCfg = Debug|Any CPU
		{3A628EAE-2BBB-4C9E-B03D-030DCF73B29C}.Debug|x64.Build.0 = Debug|Any CPU
		{3A628EAE-2BBB-4C9E-B03D-030DCF73B29C}.Debug|x86.ActiveCfg = Debug|Any CPU
		{3A628EAE-2BBB-4C9E-B03D-030DCF73B29C}.Debug|x86.Build.0 = Debug|Any CPU
		{3A628EAE-2BBB-4C9E-B03D-030DCF73B29C}.Release|Any CPU.ActiveCfg = Release|Any CPU
		{3A628EAE-2BBB-4C9E-B03D-030DCF73B29C}.Release|Any CPU.Build.0 = Release|Any CPU
		{3A628EAE-2BBB-4C9E-B03D-030DCF73B29C}.Release|x64.ActiveCfg = Release|Any CPU
		{3A628EAE-2BBB-4C9E-B03D-030DCF73B29C}.Release|x64.Build.0 = Release|Any CPU
		{3A628EAE-2BBB-4C9E-B03D-030DCF73B29C}.Release|x86.ActiveCfg = Release|Any CPU
		{3A628EAE-2BBB-4C9E-B03D-030DCF73B29C}.Release|x86.Build.0 = Release|Any CPU
		{3A628EAE-2BBB-4C9E-B03D-030DCF73B29C}.Test|Any CPU.ActiveCfg = Release|Any CPU
		{3A628EAE-2BBB-4C9E-B03D-030DCF73B29C}.Test|Any CPU.Build.0 = Release|Any CPU
		{3A628EAE-2BBB-4C9E-B03D-030DCF73B29C}.Test|x64.ActiveCfg = Release|Any CPU
		{3A628EAE-2BBB-4C9E-B03D-030DCF73B29C}.Test|x64.Build.0 = Release|Any CPU
		{3A628EAE-2BBB-4C9E-B03D-030DCF73B29C}.Test|x86.ActiveCfg = Release|Any CPU
		{3A628EAE-2BBB-4C9E-B03D-030DCF73B29C}.Test|x86.Build.0 = Release|Any CPU
		{7C496163-8715-4A15-BE33-4BB97836796D}.Debug|Any CPU.ActiveCfg = Debug|Any CPU
		{7C496163-8715-4A15-BE33-4BB97836796D}.Debug|Any CPU.Build.0 = Debug|Any CPU
		{7C496163-8715-4A15-BE33-4BB97836796D}.Debug|x64.ActiveCfg = Debug|Any CPU
		{7C496163-8715-4A15-BE33-4BB97836796D}.Debug|x64.Build.0 = Debug|Any CPU
		{7C496163-8715-4A15-BE33-4BB97836796D}.Debug|x86.ActiveCfg = Debug|Any CPU
		{7C496163-8715-4A15-BE33-4BB97836796D}.Debug|x86.Build.0 = Debug|Any CPU
		{7C496163-8715-4A15-BE33-4BB97836796D}.Release|Any CPU.ActiveCfg = Release|Any CPU
		{7C496163-8715-4A15-BE33-4BB97836796D}.Release|Any CPU.Build.0 = Release|Any CPU
		{7C496163-8715-4A15-BE33-4BB97836796D}.Release|x64.ActiveCfg = Release|Any CPU
		{7C496163-8715-4A15-BE33-4BB97836796D}.Release|x64.Build.0 = Release|Any CPU
		{7C496163-8715-4A15-BE33-4BB97836796D}.Release|x86.ActiveCfg = Release|Any CPU
		{7C496163-8715-4A15-BE33-4BB97836796D}.Release|x86.Build.0 = Release|Any CPU
		{7C496163-8715-4A15-BE33-4BB97836796D}.Test|Any CPU.ActiveCfg = Release|Any CPU
		{7C496163-8715-4A15-BE33-4BB97836796D}.Test|Any CPU.Build.0 = Release|Any CPU
		{7C496163-8715-4A15-BE33-4BB97836796D}.Test|x64.ActiveCfg = Release|Any CPU
		{7C496163-8715-4A15-BE33-4BB97836796D}.Test|x64.Build.0 = Release|Any CPU
		{7C496163-8715-4A15-BE33-4BB97836796D}.Test|x86.ActiveCfg = Release|Any CPU
		{7C496163-8715-4A15-BE33-4BB97836796D}.Test|x86.Build.0 = Release|Any CPU
		{9A5E094F-7432-4706-82F1-F8560C0B2225}.Debug|Any CPU.ActiveCfg = Debug|Any CPU
		{9A5E094F-7432-4706-82F1-F8560C0B2225}.Debug|Any CPU.Build.0 = Debug|Any CPU
		{9A5E094F-7432-4706-82F1-F8560C0B2225}.Debug|x64.ActiveCfg = Debug|Any CPU
		{9A5E094F-7432-4706-82F1-F8560C0B2225}.Debug|x64.Build.0 = Debug|Any CPU
		{9A5E094F-7432-4706-82F1-F8560C0B2225}.Debug|x86.ActiveCfg = Debug|Any CPU
		{9A5E094F-7432-4706-82F1-F8560C0B2225}.Debug|x86.Build.0 = Debug|Any CPU
		{9A5E094F-7432-4706-82F1-F8560C0B2225}.Release|Any CPU.ActiveCfg = Release|Any CPU
		{9A5E094F-7432-4706-82F1-F8560C0B2225}.Release|Any CPU.Build.0 = Release|Any CPU
		{9A5E094F-7432-4706-82F1-F8560C0B2225}.Release|x64.ActiveCfg = Release|Any CPU
		{9A5E094F-7432-4706-82F1-F8560C0B2225}.Release|x64.Build.0 = Release|Any CPU
		{9A5E094F-7432-4706-82F1-F8560C0B2225}.Release|x86.ActiveCfg = Release|Any CPU
		{9A5E094F-7432-4706-82F1-F8560C0B2225}.Release|x86.Build.0 = Release|Any CPU
		{9A5E094F-7432-4706-82F1-F8560C0B2225}.Test|Any CPU.ActiveCfg = Release|Any CPU
		{9A5E094F-7432-4706-82F1-F8560C0B2225}.Test|Any CPU.Build.0 = Release|Any CPU
		{9A5E094F-7432-4706-82F1-F8560C0B2225}.Test|x64.ActiveCfg = Release|Any CPU
		{9A5E094F-7432-4706-82F1-F8560C0B2225}.Test|x64.Build.0 = Release|Any CPU
		{9A5E094F-7432-4706-82F1-F8560C0B2225}.Test|x86.ActiveCfg = Release|Any CPU
		{9A5E094F-7432-4706-82F1-F8560C0B2225}.Test|x86.Build.0 = Release|Any CPU
		{E58B391C-B2F3-47FE-9536-DB34D02C2FB7}.Debug|Any CPU.ActiveCfg = Debug|Any CPU
		{E58B391C-B2F3-47FE-9536-DB34D02C2FB7}.Debug|Any CPU.Build.0 = Debug|Any CPU
		{E58B391C-B2F3-47FE-9536-DB34D02C2FB7}.Debug|x64.ActiveCfg = Debug|Any CPU
		{E58B391C-B2F3-47FE-9536-DB34D02C2FB7}.Debug|x64.Build.0 = Debug|Any CPU
		{E58B391C-B2F3-47FE-9536-DB34D02C2FB7}.Debug|x86.ActiveCfg = Debug|Any CPU
		{E58B391C-B2F3-47FE-9536-DB34D02C2FB7}.Debug|x86.Build.0 = Debug|Any CPU
		{E58B391C-B2F3-47FE-9536-DB34D02C2FB7}.Release|Any CPU.ActiveCfg = Release|Any CPU
		{E58B391C-B2F3-47FE-9536-DB34D02C2FB7}.Release|Any CPU.Build.0 = Release|Any CPU
		{E58B391C-B2F3-47FE-9536-DB34D02C2FB7}.Release|x64.ActiveCfg = Release|Any CPU
		{E58B391C-B2F3-47FE-9536-DB34D02C2FB7}.Release|x64.Build.0 = Release|Any CPU
		{E58B391C-B2F3-47FE-9536-DB34D02C2FB7}.Release|x86.ActiveCfg = Release|Any CPU
		{E58B391C-B2F3-47FE-9536-DB34D02C2FB7}.Release|x86.Build.0 = Release|Any CPU
		{E58B391C-B2F3-47FE-9536-DB34D02C2FB7}.Test|Any CPU.ActiveCfg = Release|Any CPU
		{E58B391C-B2F3-47FE-9536-DB34D02C2FB7}.Test|Any CPU.Build.0 = Release|Any CPU
		{E58B391C-B2F3-47FE-9536-DB34D02C2FB7}.Test|x64.ActiveCfg = Release|Any CPU
		{E58B391C-B2F3-47FE-9536-DB34D02C2FB7}.Test|x64.Build.0 = Release|Any CPU
		{E58B391C-B2F3-47FE-9536-DB34D02C2FB7}.Test|x86.ActiveCfg = Release|Any CPU
		{E58B391C-B2F3-47FE-9536-DB34D02C2FB7}.Test|x86.Build.0 = Release|Any CPU
		{687B22C9-7987-4536-84B5-9336CC4C20DB}.Debug|Any CPU.ActiveCfg = Debug|Any CPU
		{687B22C9-7987-4536-84B5-9336CC4C20DB}.Debug|Any CPU.Build.0 = Debug|Any CPU
		{687B22C9-7987-4536-84B5-9336CC4C20DB}.Debug|x64.ActiveCfg = Debug|Any CPU
		{687B22C9-7987-4536-84B5-9336CC4C20DB}.Debug|x64.Build.0 = Debug|Any CPU
		{687B22C9-7987-4536-84B5-9336CC4C20DB}.Debug|x86.ActiveCfg = Debug|Any CPU
		{687B22C9-7987-4536-84B5-9336CC4C20DB}.Debug|x86.Build.0 = Debug|Any CPU
		{687B22C9-7987-4536-84B5-9336CC4C20DB}.Release|Any CPU.ActiveCfg = Release|Any CPU
		{687B22C9-7987-4536-84B5-9336CC4C20DB}.Release|Any CPU.Build.0 = Release|Any CPU
		{687B22C9-7987-4536-84B5-9336CC4C20DB}.Release|x64.ActiveCfg = Release|Any CPU
		{687B22C9-7987-4536-84B5-9336CC4C20DB}.Release|x64.Build.0 = Release|Any CPU
		{687B22C9-7987-4536-84B5-9336CC4C20DB}.Release|x86.ActiveCfg = Release|Any CPU
		{687B22C9-7987-4536-84B5-9336CC4C20DB}.Release|x86.Build.0 = Release|Any CPU
		{687B22C9-7987-4536-84B5-9336CC4C20DB}.Test|Any CPU.ActiveCfg = Release|Any CPU
		{687B22C9-7987-4536-84B5-9336CC4C20DB}.Test|Any CPU.Build.0 = Release|Any CPU
		{687B22C9-7987-4536-84B5-9336CC4C20DB}.Test|x64.ActiveCfg = Release|Any CPU
		{687B22C9-7987-4536-84B5-9336CC4C20DB}.Test|x64.Build.0 = Release|Any CPU
		{687B22C9-7987-4536-84B5-9336CC4C20DB}.Test|x86.ActiveCfg = Release|Any CPU
		{687B22C9-7987-4536-84B5-9336CC4C20DB}.Test|x86.Build.0 = Release|Any CPU
	EndGlobalSection
	GlobalSection(SolutionProperties) = preSolution
		HideSolutionNode = FALSE
	EndGlobalSection
	GlobalSection(NestedProjects) = preSolution
		{68E0D070-E6F1-47CD-B049-5B6C4C48164D} = {B1DF95C1-3D88-43E8-8583-E5DE0417FE60}
		{814092CD-9CD0-4FB7-91E8-D147F476F1FB} = {8633FF40-6F9A-4A71-BA56-0DBD725D6AF2}
		{1D815FBF-451C-4E23-939C-CB80172F445C} = {8633FF40-6F9A-4A71-BA56-0DBD725D6AF2}
		{54732C3D-B673-4BBF-B0C3-6432E3D6F522} = {8633FF40-6F9A-4A71-BA56-0DBD725D6AF2}
		{9C5C6479-BF9A-4710-B6FB-071B1A15BB27} = {B1DF95C1-3D88-43E8-8583-E5DE0417FE60}
		{580D3E72-6AD9-4DBC-AF3A-7B8C0591EE63} = {B1DF95C1-3D88-43E8-8583-E5DE0417FE60}
		{C1A18B94-AE9A-4E2C-9AE3-610D7CE8545F} = {B1DF95C1-3D88-43E8-8583-E5DE0417FE60}
		{59AB6A55-815E-499B-BF5E-9EDC7920BB9D} = {B1DF95C1-3D88-43E8-8583-E5DE0417FE60}
		{1C1900FA-B567-4A88-A188-045F0EC131D5} = {B1DF95C1-3D88-43E8-8583-E5DE0417FE60}
		{3A628EAE-2BBB-4C9E-B03D-030DCF73B29C} = {B1DF95C1-3D88-43E8-8583-E5DE0417FE60}
		{9A5E094F-7432-4706-82F1-F8560C0B2225} = {B1DF95C1-3D88-43E8-8583-E5DE0417FE60}
		{E58B391C-B2F3-47FE-9536-DB34D02C2FB7} = {B1DF95C1-3D88-43E8-8583-E5DE0417FE60}
	EndGlobalSection
EndGlobal
